
Microsoft Visual Studio Solution File, Format Version 12.00
# Visual Studio 2012
Project("{FAE04EC0-301F-11D3-BF4B-00C04F79EFBC}") = "MinProfileNhibernateLog4Net", "MinProfileNhibernateLog4Net\MinProfileNhibernateLog4Net.csproj", "{D66A8801-A4E0-4FD5-9873-AF778054EADC}"
EndProject
Global
	GlobalSection(SolutionConfigurationPlatforms) = preSolution
		Debug|Any CPU = Debug|Any CPU
		Release|Any CPU = Release|Any CPU
	EndGlobalSection
	GlobalSection(ProjectConfigurationPlatforms) = postSolution
		{D66A8801-A4E0-4FD5-9873-AF778054EADC}.Debug|Any CPU.ActiveCfg = Debug|Any CPU
		{D66A8801-A4E0-4FD5-9873-AF778054EADC}.Debug|Any CPU.Build.0 = Debug|Any CPU
		{D66A8801-A4E0-4FD5-9873-AF778054EADC}.Release|Any CPU.ActiveCfg = Release|Any CPU
		{D66A8801-A4E0-4FD5-9873-AF778054EADC}.Release|Any CPU.Build.0 = Release|Any CPU
	EndGlobalSection
	GlobalSection(SolutionProperties) = preSolution
		HideSolutionNode = FALSE
	EndGlobalSection
EndGlobal
